
Microsoft Visual Studio Solution File, Format Version 12.00
# Visual Studio Version 17
VisualStudioVersion = 17.7.34031.279
MinimumVisualStudioVersion = 10.0.40219.1
Project("{8BC9CEB8-8B4A-11D0-8D11-00A0C91BC942}") = "task2-fpu", "task2-fpu\task2-fpu.vcxproj", "{00215CB3-EB73-4B13-B8CE-F0D64BBFD966}"
EndProject
Global
	GlobalSection(SolutionConfigurationPlatforms) = preSolution
		Debug|x64 = Debug|x64
		Debug|x86 = Debug|x86
		Release|x64 = Release|x64
		Release|x86 = Release|x86
	EndGlobalSection
	GlobalSection(ProjectConfigurationPlatforms) = postSolution
		{00215CB3-EB73-4B13-B8CE-F0D64BBFD966}.Debug|x64.ActiveCfg = Debug|x64
		{00215CB3-EB73-4B13-B8CE-F0D64BBFD966}.Debug|x64.Build.0 = Debug|x64
		{00215CB3-EB73-4B13-B8CE-F0D64BBFD966}.Debug|x86.ActiveCfg = Debug|Win32
		{00215CB3-EB73-4B13-B8CE-F0D64BBFD966}.Debug|x86.Build.0 = Debug|Win32
		{00215CB3-EB73-4B13-B8CE-F0D64BBFD966}.Release|x64.ActiveCfg = Release|x64
		{00215CB3-EB73-4B13-B8CE-F0D64BBFD966}.Release|x64.Build.0 = Release|x64
		{00215CB3-EB73-4B13-B8CE-F0D64BBFD966}.Release|x86.ActiveCfg = Release|Win32
		{00215CB3-EB73-4B13-B8CE-F0D64BBFD966}.Release|x86.Build.0 = Release|Win32
	EndGlobalSection
	GlobalSection(SolutionProperties) = preSolution
		HideSolutionNode = FALSE
	EndGlobalSection
	GlobalSection(ExtensibilityGlobals) = postSolution
		SolutionGuid = {1B55D3D2-8094-42BF-BAA8-2831E8F02EDF}
	EndGlobalSection
EndGlobal
